
Microsoft Visual Studio Solution File, Format Version 12.00
# Visual Studio Version 17
VisualStudioVersion = 17.11.35312.102
MinimumVisualStudioVersion = 10.0.40219.1
Project("{8BC9CEB8-8B4A-11D0-8D11-00A0C91BC942}") = "Dll3", "Dll3\Dll3.vcxproj", "{4EBCE4B7-0AB6-42CE-AC7D-0A9E0511C12A}"
EndProject
Global
	GlobalSection(SolutionConfigurationPlatforms) = preSolution
		Debug|x64 = Debug|x64
		Debug|x86 = Debug|x86
		Release|x64 = Release|x64
		Release|x86 = Release|x86
	EndGlobalSection
	GlobalSection(ProjectConfigurationPlatforms) = postSolution
		{4EBCE4B7-0AB6-42CE-AC7D-0A9E0511C12A}.Debug|x64.ActiveCfg = Debug|x64
		{4EBCE4B7-0AB6-42CE-AC7D-0A9E0511C12A}.Debug|x64.Build.0 = Debug|x64
		{4EBCE4B7-0AB6-42CE-AC7D-0A9E0511C12A}.Debug|x86.ActiveCfg = Debug|Win32
		{4EBCE4B7-0AB6-42CE-AC7D-0A9E0511C12A}.Debug|x86.Build.0 = Debug|Win32
		{4EBCE4B7-0AB6-42CE-AC7D-0A9E0511C12A}.Release|x64.ActiveCfg = Release|x64
		{4EBCE4B7-0AB6-42CE-AC7D-0A9E0511C12A}.Release|x64.Build.0 = Release|x64
		{4EBCE4B7-0AB6-42CE-AC7D-0A9E0511C12A}.Release|x86.ActiveCfg = Release|Win32
		{4EBCE4B7-0AB6-42CE-AC7D-0A9E0511C12A}.Release|x86.Build.0 = Release|Win32
	EndGlobalSection
	GlobalSection(SolutionProperties) = preSolution
		HideSolutionNode = FALSE
	EndGlobalSection
	GlobalSection(ExtensibilityGlobals) = postSolution
		SolutionGuid = {620DBCE0-6217-4590-8524-ED7FA325C6FE}
	EndGlobalSection
EndGlobal
